// !$*UTF8*$!
{
	archiveVersion = 1;
	classes = {
	};
	objectVersion = 56;
	objects = {

/* Begin PBXBuildFile section */
		7F3164A12B28625000549D0D /* HoneymooonApp.swift in Sources */ = {isa = PBXBuildFile; fileRef = 7F3164A02B28625000549D0D /* HoneymooonApp.swift */; };
		7F3164A32B28625000549D0D /* ContentView.swift in Sources */ = {isa = PBXBuildFile; fileRef = 7F3164A22B28625000549D0D /* ContentView.swift */; };
		7F3164A52B28625100549D0D /* Assets.xcassets in Resources */ = {isa = PBXBuildFile; fileRef = 7F3164A42B28625100549D0D /* Assets.xcassets */; };
		7F3164A82B28625100549D0D /* Preview Assets.xcassets in Resources */ = {isa = PBXBuildFile; fileRef = 7F3164A72B28625100549D0D /* Preview Assets.xcassets */; };
		7F3164B12B28643B00549D0D /* sound-rise.mp3 in Resources */ = {isa = PBXBuildFile; fileRef = 7F3164AF2B28643B00549D0D /* sound-rise.mp3 */; };
		7F3164B22B28643B00549D0D /* sound-click.mp3 in Resources */ = {isa = PBXBuildFile; fileRef = 7F3164B02B28643B00549D0D /* sound-click.mp3 */; };
		7F3164B42B28649200549D0D /* Launch Screen.storyboard in Resources */ = {isa = PBXBuildFile; fileRef = 7F3164B32B28649200549D0D /* Launch Screen.storyboard */; };
		7F3164B62B28683900549D0D /* HoneymoonModel.swift in Sources */ = {isa = PBXBuildFile; fileRef = 7F3164B52B28683900549D0D /* HoneymoonModel.swift */; };
		7F3164B92B2868AC00549D0D /* HoneymoonData.swift in Sources */ = {isa = PBXBuildFile; fileRef = 7F3164B82B2868AC00549D0D /* HoneymoonData.swift */; };
		7F3164BD2B28694B00549D0D /* CardView.swift in Sources */ = {isa = PBXBuildFile; fileRef = 7F3164BC2B28694B00549D0D /* CardView.swift */; };
		7F3164BF2B286D5C00549D0D /* HeaderView.swift in Sources */ = {isa = PBXBuildFile; fileRef = 7F3164BE2B286D5C00549D0D /* HeaderView.swift */; };
		7F3164C12B28727D00549D0D /* FooterView.swift in Sources */ = {isa = PBXBuildFile; fileRef = 7F3164C02B28727D00549D0D /* FooterView.swift */; };
		7F3164C42B2879DA00549D0D /* HeaderComponent.swift in Sources */ = {isa = PBXBuildFile; fileRef = 7F3164C32B2879DA00549D0D /* HeaderComponent.swift */; };
		7F3164C62B287A9200549D0D /* GuideComponent.swift in Sources */ = {isa = PBXBuildFile; fileRef = 7F3164C52B287A9200549D0D /* GuideComponent.swift */; };
		7FE106E62B29AED00079208E /* GuideView.swift in Sources */ = {isa = PBXBuildFile; fileRef = 7FE106E52B29AED00079208E /* GuideView.swift */; };
		7FE106E82B29BEA90079208E /* InfoView.swift in Sources */ = {isa = PBXBuildFile; fileRef = 7FE106E72B29BEA90079208E /* InfoView.swift */; };
		7FE106EA2B29BF470079208E /* TitleModifier.swift in Sources */ = {isa = PBXBuildFile; fileRef = 7FE106E92B29BF470079208E /* TitleModifier.swift */; };
		7FE106ED2B29C0D10079208E /* ButtonModifier.swift in Sources */ = {isa = PBXBuildFile; fileRef = 7FE106EC2B29C0D10079208E /* ButtonModifier.swift */; };
		7FE106EF2B2B03E10079208E /* SymbolModifier.swift in Sources */ = {isa = PBXBuildFile; fileRef = 7FE106EE2B2B03E10079208E /* SymbolModifier.swift */; };
		7FE106F22B2B097D0079208E /* CardTransition.swift in Sources */ = {isa = PBXBuildFile; fileRef = 7FE106F12B2B097D0079208E /* CardTransition.swift */; };
		7FE106F52B2B0C300079208E /* PlaySound.swift in Sources */ = {isa = PBXBuildFile; fileRef = 7FE106F42B2B0C300079208E /* PlaySound.swift */; };
/* End PBXBuildFile section */

/* Begin PBXFileReference section */
		7F31649D2B28625000549D0D /* Honeymooon.app */ = {isa = PBXFileReference; explicitFileType = wrapper.application; includeInIndex = 0; path = Honeymooon.app; sourceTree = BUILT_PRODUCTS_DIR; };
		7F3164A02B28625000549D0D /* HoneymooonApp.swift */ = {isa = PBXFileReference; lastKnownFileType = sourcecode.swift; path = HoneymooonApp.swift; sourceTree = "<group>"; };
		7F3164A22B28625000549D0D /* ContentView.swift */ = {isa = PBXFileReference; lastKnownFileType = sourcecode.swift; path = ContentView.swift; sourceTree = "<group>"; };
		7F3164A42B28625100549D0D /* Assets.xcassets */ = {isa = PBXFileReference; lastKnownFileType = folder.assetcatalog; path = Assets.xcassets; sourceTree = "<group>"; };
		7F3164A72B28625100549D0D /* Preview Assets.xcassets */ = {isa = PBXFileReference; lastKnownFileType = folder.assetcatalog; path = "Preview Assets.xcassets"; sourceTree = "<group>"; };
		7F3164AF2B28643B00549D0D /* sound-rise.mp3 */ = {isa = PBXFileReference; lastKnownFileType = audio.mp3; path = "sound-rise.mp3"; sourceTree = "<group>"; };
		7F3164B02B28643B00549D0D /* sound-click.mp3 */ = {isa = PBXFileReference; lastKnownFileType = audio.mp3; path = "sound-click.mp3"; sourceTree = "<group>"; };
		7F3164B32B28649200549D0D /* Launch Screen.storyboard */ = {isa = PBXFileReference; lastKnownFileType = file.storyboard; path = "Launch Screen.storyboard"; sourceTree = "<group>"; };
		7F3164B52B28683900549D0D /* HoneymoonModel.swift */ = {isa = PBXFileReference; lastKnownFileType = sourcecode.swift; path = HoneymoonModel.swift; sourceTree = "<group>"; };
		7F3164B82B2868AC00549D0D /* HoneymoonData.swift */ = {isa = PBXFileReference; lastKnownFileType = sourcecode.swift; path = HoneymoonData.swift; sourceTree = "<group>"; };
		7F3164BC2B28694B00549D0D /* CardView.swift */ = {isa = PBXFileReference; lastKnownFileType = sourcecode.swift; path = CardView.swift; sourceTree = "<group>"; };
		7F3164BE2B286D5C00549D0D /* HeaderView.swift */ = {isa = PBXFileReference; lastKnownFileType = sourcecode.swift; path = HeaderView.swift; sourceTree = "<group>"; };
		7F3164C02B28727D00549D0D /* FooterView.swift */ = {isa = PBXFileReference; lastKnownFileType = sourcecode.swift; path = FooterView.swift; sourceTree = "<group>"; };
		7F3164C32B2879DA00549D0D /* HeaderComponent.swift */ = {isa = PBXFileReference; lastKnownFileType = sourcecode.swift; path = HeaderComponent.swift; sourceTree = "<group>"; };
		7F3164C52B287A9200549D0D /* GuideComponent.swift */ = {isa = PBXFileReference; lastKnownFileType = sourcecode.swift; path = GuideComponent.swift; sourceTree = "<group>"; };
		7FE106E52B29AED00079208E /* GuideView.swift */ = {isa = PBXFileReference; lastKnownFileType = sourcecode.swift; path = GuideView.swift; sourceTree = SOURCE_ROOT; };
		7FE106E72B29BEA90079208E /* InfoView.swift */ = {isa = PBXFileReference; lastKnownFileType = sourcecode.swift; path = InfoView.swift; sourceTree = "<group>"; };
		7FE106E92B29BF470079208E /* TitleModifier.swift */ = {isa = PBXFileReference; lastKnownFileType = sourcecode.swift; path = TitleModifier.swift; sourceTree = "<group>"; };
		7FE106EC2B29C0D10079208E /* ButtonModifier.swift */ = {isa = PBXFileReference; lastKnownFileType = sourcecode.swift; name = ButtonModifier.swift; path = Honeymooon/View/ButtonModifier.swift; sourceTree = SOURCE_ROOT; };
		7FE106EE2B2B03E10079208E /* SymbolModifier.swift */ = {isa = PBXFileReference; lastKnownFileType = sourcecode.swift; path = SymbolModifier.swift; sourceTree = SOURCE_ROOT; };
		7FE106F12B2B097D0079208E /* CardTransition.swift */ = {isa = PBXFileReference; lastKnownFileType = sourcecode.swift; path = CardTransition.swift; sourceTree = "<group>"; };
		7FE106F42B2B0C300079208E /* PlaySound.swift */ = {isa = PBXFileReference; lastKnownFileType = sourcecode.swift; path = PlaySound.swift; sourceTree = "<group>"; };
/* End PBXFileReference section */

/* Begin PBXFrameworksBuildPhase section */
		7F31649A2B28625000549D0D /* Frameworks */ = {
			isa = PBXFrameworksBuildPhase;
			buildActionMask = 2147483647;
			files = (
			);
			runOnlyForDeploymentPostprocessing = 0;
		};
/* End PBXFrameworksBuildPhase section */

/* Begin PBXGroup section */
		7F3164942B28625000549D0D = {
			isa = PBXGroup;
			children = (
				7F31649F2B28625000549D0D /* Honeymooon */,
				7F31649E2B28625000549D0D /* Products */,
			);
			sourceTree = "<group>";
		};
		7F31649E2B28625000549D0D /* Products */ = {
			isa = PBXGroup;
			children = (
				7F31649D2B28625000549D0D /* Honeymooon.app */,
			);
			name = Products;
			sourceTree = "<group>";
		};
		7F31649F2B28625000549D0D /* Honeymooon */ = {
			isa = PBXGroup;
			children = (
				7FE106F32B2B0C160079208E /* Helper */,
				7FE106F02B2B09540079208E /* Extension */,
				7FE106EB2B29BFA20079208E /* Modifier */,
				7F3164C22B2879B100549D0D /* Component */,
				7F3164BB2B28693F00549D0D /* View */,
				7F3164BA2B2868B200549D0D /* Data */,
				7F3164B72B28683F00549D0D /* Model */,
				7F3164AE2B28643B00549D0D /* Sounds */,
				7F3164A02B28625000549D0D /* HoneymooonApp.swift */,
				7F3164B32B28649200549D0D /* Launch Screen.storyboard */,
				7F3164A42B28625100549D0D /* Assets.xcassets */,
				7F3164A62B28625100549D0D /* Preview Content */,
			);
			path = Honeymooon;
			sourceTree = "<group>";
		};
		7F3164A62B28625100549D0D /* Preview Content */ = {
			isa = PBXGroup;
			children = (
				7F3164A72B28625100549D0D /* Preview Assets.xcassets */,
			);
			path = "Preview Content";
			sourceTree = "<group>";
		};
		7F3164AE2B28643B00549D0D /* Sounds */ = {
			isa = PBXGroup;
			children = (
				7F3164AF2B28643B00549D0D /* sound-rise.mp3 */,
				7F3164B02B28643B00549D0D /* sound-click.mp3 */,
			);
			path = Sounds;
			sourceTree = "<group>";
		};
		7F3164B72B28683F00549D0D /* Model */ = {
			isa = PBXGroup;
			children = (
				7F3164B52B28683900549D0D /* HoneymoonModel.swift */,
			);
			path = Model;
			sourceTree = "<group>";
		};
		7F3164BA2B2868B200549D0D /* Data */ = {
			isa = PBXGroup;
			children = (
				7F3164B82B2868AC00549D0D /* HoneymoonData.swift */,
			);
			path = Data;
			sourceTree = "<group>";
		};
		7F3164BB2B28693F00549D0D /* View */ = {
			isa = PBXGroup;
			children = (
				7FE106E52B29AED00079208E /* GuideView.swift */,
				7F3164A22B28625000549D0D /* ContentView.swift */,
				7FE106E72B29BEA90079208E /* InfoView.swift */,
				7F3164BE2B286D5C00549D0D /* HeaderView.swift */,
				7F3164C02B28727D00549D0D /* FooterView.swift */,
				7F3164BC2B28694B00549D0D /* CardView.swift */,
			);
			path = View;
			sourceTree = "<group>";
		};
		7F3164C22B2879B100549D0D /* Component */ = {
			isa = PBXGroup;
			children = (
				7F3164C32B2879DA00549D0D /* HeaderComponent.swift */,
				7F3164C52B287A9200549D0D /* GuideComponent.swift */,
			);
			path = Component;
			sourceTree = "<group>";
		};
		7FE106EB2B29BFA20079208E /* Modifier */ = {
			isa = PBXGroup;
			children = (
				7FE106EE2B2B03E10079208E /* SymbolModifier.swift */,
				7FE106EC2B29C0D10079208E /* ButtonModifier.swift */,
				7FE106E92B29BF470079208E /* TitleModifier.swift */,
			);
			path = Modifier;
			sourceTree = "<group>";
		};
		7FE106F02B2B09540079208E /* Extension */ = {
			isa = PBXGroup;
			children = (
				7FE106F12B2B097D0079208E /* CardTransition.swift */,
			);
			path = Extension;
			sourceTree = "<group>";
		};
		7FE106F32B2B0C160079208E /* Helper */ = {
			isa = PBXGroup;
			children = (
				7FE106F42B2B0C300079208E /* PlaySound.swift */,
			);
			path = Helper;
			sourceTree = "<group>";
		};
/* End PBXGroup section */

/* Begin PBXNativeTarget section */
		7F31649C2B28625000549D0D /* Honeymooon */ = {
			isa = PBXNativeTarget;
			buildConfigurationList = 7F3164AB2B28625100549D0D /* Build configuration list for PBXNativeTarget "Honeymooon" */;
			buildPhases = (
				7F3164992B28625000549D0D /* Sources */,
				7F31649A2B28625000549D0D /* Frameworks */,
				7F31649B2B28625000549D0D /* Resources */,
			);
			buildRules = (
			);
			dependencies = (
			);
			name = Honeymooon;
			productName = Honeymooon;
			productReference = 7F31649D2B28625000549D0D /* Honeymooon.app */;
			productType = "com.apple.product-type.application";
		};
/* End PBXNativeTarget section */

/* Begin PBXProject section */
		7F3164952B28625000549D0D /* Project object */ = {
			isa = PBXProject;
			attributes = {
				BuildIndependentTargetsInParallel = 1;
				LastSwiftUpdateCheck = 1500;
				LastUpgradeCheck = 1500;
				TargetAttributes = {
					7F31649C2B28625000549D0D = {
						CreatedOnToolsVersion = 15.0.1;
					};
				};
			};
			buildConfigurationList = 7F3164982B28625000549D0D /* Build configuration list for PBXProject "Honeymooon" */;
			compatibilityVersion = "Xcode 14.0";
			developmentRegion = en;
			hasScannedForEncodings = 0;
			knownRegions = (
				en,
				Base,
			);
			mainGroup = 7F3164942B28625000549D0D;
			productRefGroup = 7F31649E2B28625000549D0D /* Products */;
			projectDirPath = "";
			projectRoot = "";
			targets = (
				7F31649C2B28625000549D0D /* Honeymooon */,
			);
		};
/* End PBXProject section */

/* Begin PBXResourcesBuildPhase section */
		7F31649B2B28625000549D0D /* Resources */ = {
			isa = PBXResourcesBuildPhase;
			buildActionMask = 2147483647;
			files = (
				7F3164B12B28643B00549D0D /* sound-rise.mp3 in Resources */,
				7F3164B22B28643B00549D0D /* sound-click.mp3 in Resources */,
				7F3164A82B28625100549D0D /* Preview Assets.xcassets in Resources */,
				7F3164B42B28649200549D0D /* Launch Screen.storyboard in Resources */,
				7F3164A52B28625100549D0D /* Assets.xcassets in Resources */,
			);
			runOnlyForDeploymentPostprocessing = 0;
		};
/* End PBXResourcesBuildPhase section */

/* Begin PBXSourcesBuildPhase section */
		7F3164992B28625000549D0D /* Sources */ = {
			isa = PBXSourcesBuildPhase;
			buildActionMask = 2147483647;
			files = (
				7F3164B92B2868AC00549D0D /* HoneymoonData.swift in Sources */,
				7FE106E82B29BEA90079208E /* InfoView.swift in Sources */,
				7F3164C12B28727D00549D0D /* FooterView.swift in Sources */,
				7FE106EA2B29BF470079208E /* TitleModifier.swift in Sources */,
				7FE106F22B2B097D0079208E /* CardTransition.swift in Sources */,
				7FE106EF2B2B03E10079208E /* SymbolModifier.swift in Sources */,
				7F3164BF2B286D5C00549D0D /* HeaderView.swift in Sources */,
				7F3164B62B28683900549D0D /* HoneymoonModel.swift in Sources */,
				7FE106ED2B29C0D10079208E /* ButtonModifier.swift in Sources */,
				7FE106F52B2B0C300079208E /* PlaySound.swift in Sources */,
				7F3164C42B2879DA00549D0D /* HeaderComponent.swift in Sources */,
				7F3164A32B28625000549D0D /* ContentView.swift in Sources */,
				7F3164A12B28625000549D0D /* HoneymooonApp.swift in Sources */,
				7F3164BD2B28694B00549D0D /* CardView.swift in Sources */,
				7F3164C62B287A9200549D0D /* GuideComponent.swift in Sources */,
				7FE106E62B29AED00079208E /* GuideView.swift in Sources */,
			);
			runOnlyForDeploymentPostprocessing = 0;
		};
/* End PBXSourcesBuildPhase section */

/* Begin XCBuildConfiguration section */
		7F3164A92B28625100549D0D /* Debug */ = {
			isa = XCBuildConfiguration;
			buildSettings = {
				ALWAYS_SEARCH_USER_PATHS = NO;
				ASSETCATALOG_COMPILER_GENERATE_SWIFT_ASSET_SYMBOL_EXTENSIONS = YES;
				CLANG_ANALYZER_NONNULL = YES;
				CLANG_ANALYZER_NUMBER_OBJECT_CONVERSION = YES_AGGRESSIVE;
				CLANG_CXX_LANGUAGE_STANDARD = "gnu++20";
				CLANG_ENABLE_MODULES = YES;
				CLANG_ENABLE_OBJC_ARC = YES;
				CLANG_ENABLE_OBJC_WEAK = YES;
				CLANG_WARN_BLOCK_CAPTURE_AUTORELEASING = YES;
				CLANG_WARN_BOOL_CONVERSION = YES;
				CLANG_WARN_COMMA = YES;
				CLANG_WARN_CONSTANT_CONVERSION = YES;
				CLANG_WARN_DEPRECATED_OBJC_IMPLEMENTATIONS = YES;
				CLANG_WARN_DIRECT_OBJC_ISA_USAGE = YES_ERROR;
				CLANG_WARN_DOCUMENTATION_COMMENTS = YES;
				CLANG_WARN_EMPTY_BODY = YES;
				CLANG_WARN_ENUM_CONVERSION = YES;
				CLANG_WARN_INFINITE_RECURSION = YES;
				CLANG_WARN_INT_CONVERSION = YES;
				CLANG_WARN_NON_LITERAL_NULL_CONVERSION = YES;
				CLANG_WARN_OBJC_IMPLICIT_RETAIN_SELF = YES;
				CLANG_WARN_OBJC_LITERAL_CONVERSION = YES;
				CLANG_WARN_OBJC_ROOT_CLASS = YES_ERROR;
				CLANG_WARN_QUOTED_INCLUDE_IN_FRAMEWORK_HEADER = YES;
				CLANG_WARN_RANGE_LOOP_ANALYSIS = YES;
				CLANG_WARN_STRICT_PROTOTYPES = YES;
				CLANG_WARN_SUSPICIOUS_MOVE = YES;
				CLANG_WARN_UNGUARDED_AVAILABILITY = YES_AGGRESSIVE;
				CLANG_WARN_UNREACHABLE_CODE = YES;
				CLANG_WARN__DUPLICATE_METHOD_MATCH = YES;
				COPY_PHASE_STRIP = NO;
				DEBUG_INFORMATION_FORMAT = dwarf;
				ENABLE_STRICT_OBJC_MSGSEND = YES;
				ENABLE_TESTABILITY = YES;
				ENABLE_USER_SCRIPT_SANDBOXING = YES;
				GCC_C_LANGUAGE_STANDARD = gnu17;
				GCC_DYNAMIC_NO_PIC = NO;
				GCC_NO_COMMON_BLOCKS = YES;
				GCC_OPTIMIZATION_LEVEL = 0;
				GCC_PREPROCESSOR_DEFINITIONS = (
					"DEBUG=1",
					"$(inherited)",
				);
				GCC_WARN_64_TO_32_BIT_CONVERSION = YES;
				GCC_WARN_ABOUT_RETURN_TYPE = YES_ERROR;
				GCC_WARN_UNDECLARED_SELECTOR = YES;
				GCC_WARN_UNINITIALIZED_AUTOS = YES_AGGRESSIVE;
				GCC_WARN_UNUSED_FUNCTION = YES;
				GCC_WARN_UNUSED_VARIABLE = YES;
				IPHONEOS_DEPLOYMENT_TARGET = 17.0;
				LOCALIZATION_PREFERS_STRING_CATALOGS = YES;
				MTL_ENABLE_DEBUG_INFO = INCLUDE_SOURCE;
				MTL_FAST_MATH = YES;
				ONLY_ACTIVE_ARCH = YES;
				SDKROOT = iphoneos;
				SWIFT_ACTIVE_COMPILATION_CONDITIONS = "DEBUG $(inherited)";
				SWIFT_OPTIMIZATION_LEVEL = "-Onone";
			};
			name = Debug;
		};
		7F3164AA2B28625100549D0D /* Release */ = {
			isa = XCBuildConfiguration;
			buildSettings = {
				ALWAYS_SEARCH_USER_PATHS = NO;
				ASSETCATALOG_COMPILER_GENERATE_SWIFT_ASSET_SYMBOL_EXTENSIONS = YES;
				CLANG_ANALYZER_NONNULL = YES;
				CLANG_ANALYZER_NUMBER_OBJECT_CONVERSION = YES_AGGRESSIVE;
				CLANG_CXX_LANGUAGE_STANDARD = "gnu++20";
				CLANG_ENABLE_MODULES = YES;
				CLANG_ENABLE_OBJC_ARC = YES;
				CLANG_ENABLE_OBJC_WEAK = YES;
				CLANG_WARN_BLOCK_CAPTURE_AUTORELEASING = YES;
				CLANG_WARN_BOOL_CONVERSION = YES;
				CLANG_WARN_COMMA = YES;
				CLANG_WARN_CONSTANT_CONVERSION = YES;
				CLANG_WARN_DEPRECATED_OBJC_IMPLEMENTATIONS = YES;
				CLANG_WARN_DIRECT_OBJC_ISA_USAGE = YES_ERROR;
				CLANG_WARN_DOCUMENTATION_COMMENTS = YES;
				CLANG_WARN_EMPTY_BODY = YES;
				CLANG_WARN_ENUM_CONVERSION = YES;
				CLANG_WARN_INFINITE_RECURSION = YES;
				CLANG_WARN_INT_CONVERSION = YES;
				CLANG_WARN_NON_LITERAL_NULL_CONVERSION = YES;
				CLANG_WARN_OBJC_IMPLICIT_RETAIN_SELF = YES;
				CLANG_WARN_OBJC_LITERAL_CONVERSION = YES;
				CLANG_WARN_OBJC_ROOT_CLASS = YES_ERROR;
				CLANG_WARN_QUOTED_INCLUDE_IN_FRAMEWORK_HEADER = YES;
				CLANG_WARN_RANGE_LOOP_ANALYSIS = YES;
				CLANG_WARN_STRICT_PROTOTYPES = YES;
				CLANG_WARN_SUSPICIOUS_MOVE = YES;
				CLANG_WARN_UNGUARDED_AVAILABILITY = YES_AGGRESSIVE;
				CLANG_WARN_UNREACHABLE_CODE = YES;
				CLANG_WARN__DUPLICATE_METHOD_MATCH = YES;
				COPY_PHASE_STRIP = NO;
				DEBUG_INFORMATION_FORMAT = "dwarf-with-dsym";
				ENABLE_NS_ASSERTIONS = NO;
				ENABLE_STRICT_OBJC_MSGSEND = YES;
				ENABLE_USER_SCRIPT_SANDBOXING = YES;
				GCC_C_LANGUAGE_STANDARD = gnu17;
				GCC_NO_COMMON_BLOCKS = YES;
				GCC_WARN_64_TO_32_BIT_CONVERSION = YES;
				GCC_WARN_ABOUT_RETURN_TYPE = YES_ERROR;
				GCC_WARN_UNDECLARED_SELECTOR = YES;
				GCC_WARN_UNINITIALIZED_AUTOS = YES_AGGRESSIVE;
				GCC_WARN_UNUSED_FUNCTION = YES;
				GCC_WARN_UNUSED_VARIABLE = YES;
				IPHONEOS_DEPLOYMENT_TARGET = 17.0;
				LOCALIZATION_PREFERS_STRING_CATALOGS = YES;
				MTL_ENABLE_DEBUG_INFO = NO;
				MTL_FAST_MATH = YES;
				SDKROOT = iphoneos;
				SWIFT_COMPILATION_MODE = wholemodule;
				VALIDATE_PRODUCT = YES;
			};
			name = Release;
		};
		7F3164AC2B28625100549D0D /* Debug */ = {
			isa = XCBuildConfiguration;
			buildSettings = {
				ASSETCATALOG_COMPILER_APPICON_NAME = AppIcon;
				ASSETCATALOG_COMPILER_GLOBAL_ACCENT_COLOR_NAME = AccentColor;
				CODE_SIGN_STYLE = Automatic;
				CURRENT_PROJECT_VERSION = 1;
				DEVELOPMENT_ASSET_PATHS = "\"Honeymooon/Preview Content\"";
				DEVELOPMENT_TEAM = EPMT7DEL43;
				ENABLE_PREVIEWS = YES;
				GENERATE_INFOPLIST_FILE = YES;
				INFOPLIST_KEY_UIApplicationSceneManifest_Generation = YES;
				INFOPLIST_KEY_UIApplicationSupportsIndirectInputEvents = YES;
				INFOPLIST_KEY_UILaunchScreen_Generation = YES;
				INFOPLIST_KEY_UILaunchStoryboardName = "Launch Screen.storyboard";
				INFOPLIST_KEY_UISupportedInterfaceOrientations = UIInterfaceOrientationPortrait;
				LD_RUNPATH_SEARCH_PATHS = (
					"$(inherited)",
					"@executable_path/Frameworks",
				);
				MARKETING_VERSION = 1.0;
				PRODUCT_BUNDLE_IDENTIFIER = Tapawan.Honeymooon;
				PRODUCT_NAME = "$(TARGET_NAME)";
				SWIFT_EMIT_LOC_STRINGS = YES;
				SWIFT_VERSION = 5.0;
				TARGETED_DEVICE_FAMILY = "1,2";
			};
			name = Debug;
		};
		7F3164AD2B28625100549D0D /* Release */ = {
			isa = XCBuildConfiguration;
			buildSettings = {
				ASSETCATALOG_COMPILER_APPICON_NAME = AppIcon;
				ASSETCATALOG_COMPILER_GLOBAL_ACCENT_COLOR_NAME = AccentColor;
				CODE_SIGN_STYLE = Automatic;
				CURRENT_PROJECT_VERSION = 1;
				DEVELOPMENT_ASSET_PATHS = "\"Honeymooon/Preview Content\"";
				DEVELOPMENT_TEAM = EPMT7DEL43;
				ENABLE_PREVIEWS = YES;
				GENERATE_INFOPLIST_FILE = YES;
				INFOPLIST_KEY_UIApplicationSceneManifest_Generation = YES;
				INFOPLIST_KEY_UIApplicationSupportsIndirectInputEvents = YES;
				INFOPLIST_KEY_UILaunchScreen_Generation = YES;
				INFOPLIST_KEY_UILaunchStoryboardName = "Launch Screen.storyboard";
				INFOPLIST_KEY_UISupportedInterfaceOrientations = UIInterfaceOrientationPortrait;
				LD_RUNPATH_SEARCH_PATHS = (
					"$(inherited)",
					"@executable_path/Frameworks",
				);
				MARKETING_VERSION = 1.0;
				PRODUCT_BUNDLE_IDENTIFIER = Tapawan.Honeymooon;
				PRODUCT_NAME = "$(TARGET_NAME)";
				SWIFT_EMIT_LOC_STRINGS = YES;
				SWIFT_VERSION = 5.0;
				TARGETED_DEVICE_FAMILY = "1,2";
			};
			name = Release;
		};
/* End XCBuildConfiguration section */

/* Begin XCConfigurationList section */
		7F3164982B28625000549D0D /* Build configuration list for PBXProject "Honeymooon" */ = {
			isa = XCConfigurationList;
			buildConfigurations = (
				7F3164A92B28625100549D0D /* Debug */,
				7F3164AA2B28625100549D0D /* Release */,
			);
			defaultConfigurationIsVisible = 0;
			defaultConfigurationName = Release;
		};
		7F3164AB2B28625100549D0D /* Build configuration list for PBXNativeTarget "Honeymooon" */ = {
			isa = XCConfigurationList;
			buildConfigurations = (
				7F3164AC2B28625100549D0D /* Debug */,
				7F3164AD2B28625100549D0D /* Release */,
			);
			defaultConfigurationIsVisible = 0;
			defaultConfigurationName = Release;
		};
/* End XCConfigurationList section */
	};
	rootObject = 7F3164952B28625000549D0D /* Project object */;
}
